// !$*UTF8*$!
{
	archiveVersion = 1;
	classes = {
	};
	objectVersion = 50;
	objects = {

/* Begin PBXBuildFile section */
		52C63F632583673800741657 /* AppDelegate.swift in Sources */ = {isa = PBXBuildFile; fileRef = 52C63F622583673800741657 /* AppDelegate.swift */; };
		52C63F652583673800741657 /* SceneDelegate.swift in Sources */ = {isa = PBXBuildFile; fileRef = 52C63F642583673800741657 /* SceneDelegate.swift */; };
		52C63F672583673800741657 /* ViewController.swift in Sources */ = {isa = PBXBuildFile; fileRef = 52C63F662583673800741657 /* ViewController.swift */; };
		52C63F6A2583673800741657 /* Main.storyboard in Resources */ = {isa = PBXBuildFile; fileRef = 52C63F682583673800741657 /* Main.storyboard */; };
		52C63F6C2583673D00741657 /* Assets.xcassets in Resources */ = {isa = PBXBuildFile; fileRef = 52C63F6B2583673D00741657 /* Assets.xcassets */; };
		52C63F6F2583673D00741657 /* LaunchScreen.storyboard in Resources */ = {isa = PBXBuildFile; fileRef = 52C63F6D2583673D00741657 /* LaunchScreen.storyboard */; };
		52C63F7A2583673E00741657 /* prepreFoodTrackerTests.swift in Sources */ = {isa = PBXBuildFile; fileRef = 52C63F792583673E00741657 /* prepreFoodTrackerTests.swift */; };
		52C63F852583673E00741657 /* prepreFoodTrackerUITests.swift in Sources */ = {isa = PBXBuildFile; fileRef = 52C63F842583673E00741657 /* prepreFoodTrackerUITests.swift */; };
/* End PBXBuildFile section */

/* Begin PBXContainerItemProxy section */
		52C63F762583673E00741657 /* PBXContainerItemProxy */ = {
			isa = PBXContainerItemProxy;
			containerPortal = 52C63F572583673800741657 /* Project object */;
			proxyType = 1;
			remoteGlobalIDString = 52C63F5E2583673800741657;
			remoteInfo = prepreFoodTracker;
		};
		52C63F812583673E00741657 /* PBXContainerItemProxy */ = {
			isa = PBXContainerItemProxy;
			containerPortal = 52C63F572583673800741657 /* Project object */;
			proxyType = 1;
			remoteGlobalIDString = 52C63F5E2583673800741657;
			remoteInfo = prepreFoodTracker;
		};
/* End PBXContainerItemProxy section */

/* Begin PBXFileReference section */
		52C63F5F2583673800741657 /* prepreFoodTracker.app */ = {isa = PBXFileReference; explicitFileType = wrapper.application; includeInIndex = 0; path = prepreFoodTracker.app; sourceTree = BUILT_PRODUCTS_DIR; };
		52C63F622583673800741657 /* AppDelegate.swift */ = {isa = PBXFileReference; lastKnownFileType = sourcecode.swift; path = AppDelegate.swift; sourceTree = "<group>"; };
		52C63F642583673800741657 /* SceneDelegate.swift */ = {isa = PBXFileReference; lastKnownFileType = sourcecode.swift; path = SceneDelegate.swift; sourceTree = "<group>"; };
		52C63F662583673800741657 /* ViewController.swift */ = {isa = PBXFileReference; lastKnownFileType = sourcecode.swift; path = ViewController.swift; sourceTree = "<group>"; };
		52C63F692583673800741657 /* Base */ = {isa = PBXFileReference; lastKnownFileType = file.storyboard; name = Base; path = Base.lproj/Main.storyboard; sourceTree = "<group>"; };
		52C63F6B2583673D00741657 /* Assets.xcassets */ = {isa = PBXFileReference; lastKnownFileType = folder.assetcatalog; path = Assets.xcassets; sourceTree = "<group>"; };
		52C63F6E2583673D00741657 /* Base */ = {isa = PBXFileReference; lastKnownFileType = file.storyboard; name = Base; path = Base.lproj/LaunchScreen.storyboard; sourceTree = "<group>"; };
		52C63F702583673D00741657 /* Info.plist */ = {isa = PBXFileReference; lastKnownFileType = text.plist.xml; path = Info.plist; sourceTree = "<group>"; };
		52C63F752583673E00741657 /* prepreFoodTrackerTests.xctest */ = {isa = PBXFileReference; explicitFileType = wrapper.cfbundle; includeInIndex = 0; path = prepreFoodTrackerTests.xctest; sourceTree = BUILT_PRODUCTS_DIR; };
		52C63F792583673E00741657 /* prepreFoodTrackerTests.swift */ = {isa = PBXFileReference; lastKnownFileType = sourcecode.swift; path = prepreFoodTrackerTests.swift; sourceTree = "<group>"; };
		52C63F7B2583673E00741657 /* Info.plist */ = {isa = PBXFileReference; lastKnownFileType = text.plist.xml; path = Info.plist; sourceTree = "<group>"; };
		52C63F802583673E00741657 /* prepreFoodTrackerUITests.xctest */ = {isa = PBXFileReference; explicitFileType = wrapper.cfbundle; includeInIndex = 0; path = prepreFoodTrackerUITests.xctest; sourceTree = BUILT_PRODUCTS_DIR; };
		52C63F842583673E00741657 /* prepreFoodTrackerUITests.swift */ = {isa = PBXFileReference; lastKnownFileType = sourcecode.swift; path = prepreFoodTrackerUITests.swift; sourceTree = "<group>"; };
		52C63F862583673E00741657 /* Info.plist */ = {isa = PBXFileReference; lastKnownFileType = text.plist.xml; path = Info.plist; sourceTree = "<group>"; };
/* End PBXFileReference section */

/* Begin PBXFrameworksBuildPhase section */
		52C63F5C2583673800741657 /* Frameworks */ = {
			isa = PBXFrameworksBuildPhase;
			buildActionMask = 2147483647;
			files = (
			);
			runOnlyForDeploymentPostprocessing = 0;
		};
		52C63F722583673E00741657 /* Frameworks */ = {
			isa = PBXFrameworksBuildPhase;
			buildActionMask = 2147483647;
			files = (
			);
			runOnlyForDeploymentPostprocessing = 0;
		};
		52C63F7D2583673E00741657 /* Frameworks */ = {
			isa = PBXFrameworksBuildPhase;
			buildActionMask = 2147483647;
			files = (
			);
			runOnlyForDeploymentPostprocessing = 0;
		};
/* End PBXFrameworksBuildPhase section */

/* Begin PBXGroup section */
		52C63F562583673800741657 = {
			isa = PBXGroup;
			children = (
				52C63F612583673800741657 /* prepreFoodTracker */,
				52C63F782583673E00741657 /* prepreFoodTrackerTests */,
				52C63F832583673E00741657 /* prepreFoodTrackerUITests */,
				52C63F602583673800741657 /* Products */,
			);
			sourceTree = "<group>";
		};
		52C63F602583673800741657 /* Products */ = {
			isa = PBXGroup;
			children = (
				52C63F5F2583673800741657 /* prepreFoodTracker.app */,
				52C63F752583673E00741657 /* prepreFoodTrackerTests.xctest */,
				52C63F802583673E00741657 /* prepreFoodTrackerUITests.xctest */,
			);
			name = Products;
			sourceTree = "<group>";
		};
		52C63F612583673800741657 /* prepreFoodTracker */ = {
			isa = PBXGroup;
			children = (
				52C63F622583673800741657 /* AppDelegate.swift */,
				52C63F642583673800741657 /* SceneDelegate.swift */,
				52C63F662583673800741657 /* ViewController.swift */,
				52C63F682583673800741657 /* Main.storyboard */,
				52C63F6B2583673D00741657 /* Assets.xcassets */,
				52C63F6D2583673D00741657 /* LaunchScreen.storyboard */,
				52C63F702583673D00741657 /* Info.plist */,
			);
			path = prepreFoodTracker;
			sourceTree = "<group>";
		};
		52C63F782583673E00741657 /* prepreFoodTrackerTests */ = {
			isa = PBXGroup;
			children = (
				52C63F792583673E00741657 /* prepreFoodTrackerTests.swift */,
				52C63F7B2583673E00741657 /* Info.plist */,
			);
			path = prepreFoodTrackerTests;
			sourceTree = "<group>";
		};
		52C63F832583673E00741657 /* prepreFoodTrackerUITests */ = {
			isa = PBXGroup;
			children = (
				52C63F842583673E00741657 /* prepreFoodTrackerUITests.swift */,
				52C63F862583673E00741657 /* Info.plist */,
			);
			path = prepreFoodTrackerUITests;
			sourceTree = "<group>";
		};
/* End PBXGroup section */

/* Begin PBXNativeTarget section */
		52C63F5E2583673800741657 /* prepreFoodTracker */ = {
			isa = PBXNativeTarget;
			buildConfigurationList = 52C63F892583673E00741657 /* Build configuration list for PBXNativeTarget "prepreFoodTracker" */;
			buildPhases = (
				52C63F5B2583673800741657 /* Sources */,
				52C63F5C2583673800741657 /* Frameworks */,
				52C63F5D2583673800741657 /* Resources */,
			);
			buildRules = (
			);
			dependencies = (
			);
			name = prepreFoodTracker;
			productName = prepreFoodTracker;
			productReference = 52C63F5F2583673800741657 /* prepreFoodTracker.app */;
			productType = "com.apple.product-type.application";
		};
		52C63F742583673E00741657 /* prepreFoodTrackerTests */ = {
			isa = PBXNativeTarget;
			buildConfigurationList = 52C63F8C2583673E00741657 /* Build configuration list for PBXNativeTarget "prepreFoodTrackerTests" */;
			buildPhases = (
				52C63F712583673E00741657 /* Sources */,
				52C63F722583673E00741657 /* Frameworks */,
				52C63F732583673E00741657 /* Resources */,
			);
			buildRules = (
			);
			dependencies = (
				52C63F772583673E00741657 /* PBXTargetDependency */,
			);
			name = prepreFoodTrackerTests;
			productName = prepreFoodTrackerTests;
			productReference = 52C63F752583673E00741657 /* prepreFoodTrackerTests.xctest */;
			productType = "com.apple.product-type.bundle.unit-test";
		};
		52C63F7F2583673E00741657 /* prepreFoodTrackerUITests */ = {
			isa = PBXNativeTarget;
			buildConfigurationList = 52C63F8F2583673E00741657 /* Build configuration list for PBXNativeTarget "prepreFoodTrackerUITests" */;
			buildPhases = (
				52C63F7C2583673E00741657 /* Sources */,
				52C63F7D2583673E00741657 /* Frameworks */,
				52C63F7E2583673E00741657 /* Resources */,
			);
			buildRules = (
			);
			dependencies = (
				52C63F822583673E00741657 /* PBXTargetDependency */,
			);
			name = prepreFoodTrackerUITests;
			productName = prepreFoodTrackerUITests;
			productReference = 52C63F802583673E00741657 /* prepreFoodTrackerUITests.xctest */;
			productType = "com.apple.product-type.bundle.ui-testing";
		};
/* End PBXNativeTarget section */

/* Begin PBXProject section */
		52C63F572583673800741657 /* Project object */ = {
			isa = PBXProject;
			attributes = {
				LastSwiftUpdateCheck = 1220;
				LastUpgradeCheck = 1220;
				TargetAttributes = {
					52C63F5E2583673800741657 = {
						CreatedOnToolsVersion = 12.2;
					};
					52C63F742583673E00741657 = {
						CreatedOnToolsVersion = 12.2;
						TestTargetID = 52C63F5E2583673800741657;
					};
					52C63F7F2583673E00741657 = {
						CreatedOnToolsVersion = 12.2;
						TestTargetID = 52C63F5E2583673800741657;
					};
				};
			};
			buildConfigurationList = 52C63F5A2583673800741657 /* Build configuration list for PBXProject "prepreFoodTracker" */;
			compatibilityVersion = "Xcode 9.3";
			developmentRegion = en;
			hasScannedForEncodings = 0;
			knownRegions = (
				en,
				Base,
			);
			mainGroup = 52C63F562583673800741657;
			productRefGroup = 52C63F602583673800741657 /* Products */;
			projectDirPath = "";
			projectRoot = "";
			targets = (
				52C63F5E2583673800741657 /* prepreFoodTracker */,
				52C63F742583673E00741657 /* prepreFoodTrackerTests */,
				52C63F7F2583673E00741657 /* prepreFoodTrackerUITests */,
			);
		};
/* End PBXProject section */

/* Begin PBXResourcesBuildPhase section */
		52C63F5D2583673800741657 /* Resources */ = {
			isa = PBXResourcesBuildPhase;
			buildActionMask = 2147483647;
			files = (
				52C63F6F2583673D00741657 /* LaunchScreen.storyboard in Resources */,
				52C63F6C2583673D00741657 /* Assets.xcassets in Resources */,
				52C63F6A2583673800741657 /* Main.storyboard in Resources */,
			);
			runOnlyForDeploymentPostprocessing = 0;
		};
		52C63F732583673E00741657 /* Resources */ = {
			isa = PBXResourcesBuildPhase;
			buildActionMask = 2147483647;
			files = (
			);
			runOnlyForDeploymentPostprocessing = 0;
		};
		52C63F7E2583673E00741657 /* Resources */ = {
			isa = PBXResourcesBuildPhase;
			buildActionMask = 2147483647;
			files = (
			);
			runOnlyForDeploymentPostprocessing = 0;
		};
/* End PBXResourcesBuildPhase section */

/* Begin PBXSourcesBuildPhase section */
		52C63F5B2583673800741657 /* Sources */ = {
			isa = PBXSourcesBuildPhase;
			buildActionMask = 2147483647;
			files = (
				52C63F672583673800741657 /* ViewController.swift in Sources */,
				52C63F632583673800741657 /* AppDelegate.swift in Sources */,
				52C63F652583673800741657 /* SceneDelegate.swift in Sources */,
			);
			runOnlyForDeploymentPostprocessing = 0;
		};
		52C63F712583673E00741657 /* Sources */ = {
			isa = PBXSourcesBuildPhase;
			buildActionMask = 2147483647;
			files = (
				52C63F7A2583673E00741657 /* prepreFoodTrackerTests.swift in Sources */,
			);
			runOnlyForDeploymentPostprocessing = 0;
		};
		52C63F7C2583673E00741657 /* Sources */ = {
			isa = PBXSourcesBuildPhase;
			buildActionMask = 2147483647;
			files = (
				52C63F852583673E00741657 /* prepreFoodTrackerUITests.swift in Sources */,
			);
			runOnlyForDeploymentPostprocessing = 0;
		};
/* End PBXSourcesBuildPhase section */

/* Begin PBXTargetDependency section */
		52C63F772583673E00741657 /* PBXTargetDependency */ = {
			isa = PBXTargetDependency;
			target = 52C63F5E2583673800741657 /* prepreFoodTracker */;
			targetProxy = 52C63F762583673E00741657 /* PBXContainerItemProxy */;
		};
		52C63F822583673E00741657 /* PBXTargetDependency */ = {
			isa = PBXTargetDependency;
			target = 52C63F5E2583673800741657 /* prepreFoodTracker */;
			targetProxy = 52C63F812583673E00741657 /* PBXContainerItemProxy */;
		};
/* End PBXTargetDependency section */

/* Begin PBXVariantGroup section */
		52C63F682583673800741657 /* Main.storyboard */ = {
			isa = PBXVariantGroup;
			children = (
				52C63F692583673800741657 /* Base */,
			);
			name = Main.storyboard;
			sourceTree = "<group>";
		};
		52C63F6D2583673D00741657 /* LaunchScreen.storyboard */ = {
			isa = PBXVariantGroup;
			children = (
				52C63F6E2583673D00741657 /* Base */,
			);
			name = LaunchScreen.storyboard;
			sourceTree = "<group>";
		};
/* End PBXVariantGroup section */

/* Begin XCBuildConfiguration section */
		52C63F872583673E00741657 /* Debug */ = {
			isa = XCBuildConfiguration;
			buildSettings = {
				ALWAYS_SEARCH_USER_PATHS = NO;
				CLANG_ANALYZER_NONNULL = YES;
				CLANG_ANALYZER_NUMBER_OBJECT_CONVERSION = YES_AGGRESSIVE;
				CLANG_CXX_LANGUAGE_STANDARD = "gnu++14";
				CLANG_CXX_LIBRARY = "libc++";
				CLANG_ENABLE_MODULES = YES;
				CLANG_ENABLE_OBJC_ARC = YES;
				CLANG_ENABLE_OBJC_WEAK = YES;
				CLANG_WARN_BLOCK_CAPTURE_AUTORELEASING = YES;
				CLANG_WARN_BOOL_CONVERSION = YES;
				CLANG_WARN_COMMA = YES;
				CLANG_WARN_CONSTANT_CONVERSION = YES;
				CLANG_WARN_DEPRECATED_OBJC_IMPLEMENTATIONS = YES;
				CLANG_WARN_DIRECT_OBJC_ISA_USAGE = YES_ERROR;
				CLANG_WARN_DOCUMENTATION_COMMENTS = YES;
				CLANG_WARN_EMPTY_BODY = YES;
				CLANG_WARN_ENUM_CONVERSION = YES;
				CLANG_WARN_INFINITE_RECURSION = YES;
				CLANG_WARN_INT_CONVERSION = YES;
				CLANG_WARN_NON_LITERAL_NULL_CONVERSION = YES;
				CLANG_WARN_OBJC_IMPLICIT_RETAIN_SELF = YES;
				CLANG_WARN_OBJC_LITERAL_CONVERSION = YES;
				CLANG_WARN_OBJC_ROOT_CLASS = YES_ERROR;
				CLANG_WARN_QUOTED_INCLUDE_IN_FRAMEWORK_HEADER = YES;
				CLANG_WARN_RANGE_LOOP_ANALYSIS = YES;
				CLANG_WARN_STRICT_PROTOTYPES = YES;
				CLANG_WARN_SUSPICIOUS_MOVE = YES;
				CLANG_WARN_UNGUARDED_AVAILABILITY = YES_AGGRESSIVE;
				CLANG_WARN_UNREACHABLE_CODE = YES;
				CLANG_WARN__DUPLICATE_METHOD_MATCH = YES;
				COPY_PHASE_STRIP = NO;
				DEBUG_INFORMATION_FORMAT = dwarf;
				ENABLE_STRICT_OBJC_MSGSEND = YES;
				ENABLE_TESTABILITY = YES;
				GCC_C_LANGUAGE_STANDARD = gnu11;
				GCC_DYNAMIC_NO_PIC = NO;
				GCC_NO_COMMON_BLOCKS = YES;
				GCC_OPTIMIZATION_LEVEL = 0;
				GCC_PREPROCESSOR_DEFINITIONS = (
					"DEBUG=1",
					"$(inherited)",
				);
				GCC_WARN_64_TO_32_BIT_CONVERSION = YES;
				GCC_WARN_ABOUT_RETURN_TYPE = YES_ERROR;
				GCC_WARN_UNDECLARED_SELECTOR = YES;
				GCC_WARN_UNINITIALIZED_AUTOS = YES_AGGRESSIVE;
				GCC_WARN_UNUSED_FUNCTION = YES;
				GCC_WARN_UNUSED_VARIABLE = YES;
				IPHONEOS_DEPLOYMENT_TARGET = 14.2;
				MTL_ENABLE_DEBUG_INFO = INCLUDE_SOURCE;
				MTL_FAST_MATH = YES;
				ONLY_ACTIVE_ARCH = YES;
				SDKROOT = iphoneos;
				SWIFT_ACTIVE_COMPILATION_CONDITIONS = DEBUG;
				SWIFT_OPTIMIZATION_LEVEL = "-Onone";
			};
			name = Debug;
		};
		52C63F882583673E00741657 /* Release */ = {
			isa = XCBuildConfiguration;
			buildSettings = {
				ALWAYS_SEARCH_USER_PATHS = NO;
				CLANG_ANALYZER_NONNULL = YES;
				CLANG_ANALYZER_NUMBER_OBJECT_CONVERSION = YES_AGGRESSIVE;
				CLANG_CXX_LANGUAGE_STANDARD = "gnu++14";
				CLANG_CXX_LIBRARY = "libc++";
				CLANG_ENABLE_MODULES = YES;
				CLANG_ENABLE_OBJC_ARC = YES;
				CLANG_ENABLE_OBJC_WEAK = YES;
				CLANG_WARN_BLOCK_CAPTURE_AUTORELEASING = YES;
				CLANG_WARN_BOOL_CONVERSION = YES;
				CLANG_WARN_COMMA = YES;
				CLANG_WARN_CONSTANT_CONVERSION = YES;
				CLANG_WARN_DEPRECATED_OBJC_IMPLEMENTATIONS = YES;
				CLANG_WARN_DIRECT_OBJC_ISA_USAGE = YES_ERROR;
				CLANG_WARN_DOCUMENTATION_COMMENTS = YES;
				CLANG_WARN_EMPTY_BODY = YES;
				CLANG_WARN_ENUM_CONVERSION = YES;
				CLANG_WARN_INFINITE_RECURSION = YES;
				CLANG_WARN_INT_CONVERSION = YES;
				CLANG_WARN_NON_LITERAL_NULL_CONVERSION = YES;
				CLANG_WARN_OBJC_IMPLICIT_RETAIN_SELF = YES;
				CLANG_WARN_OBJC_LITERAL_CONVERSION = YES;
				CLANG_WARN_OBJC_ROOT_CLASS = YES_ERROR;
				CLANG_WARN_QUOTED_INCLUDE_IN_FRAMEWORK_HEADER = YES;
				CLANG_WARN_RANGE_LOOP_ANALYSIS = YES;
				CLANG_WARN_STRICT_PROTOTYPES = YES;
				CLANG_WARN_SUSPICIOUS_MOVE = YES;
				CLANG_WARN_UNGUARDED_AVAILABILITY = YES_AGGRESSIVE;
				CLANG_WARN_UNREACHABLE_CODE = YES;
				CLANG_WARN__DUPLICATE_METHOD_MATCH = YES;
				COPY_PHASE_STRIP = NO;
				DEBUG_INFORMATION_FORMAT = "dwarf-with-dsym";
				ENABLE_NS_ASSERTIONS = NO;
				ENABLE_STRICT_OBJC_MSGSEND = YES;
				GCC_C_LANGUAGE_STANDARD = gnu11;
				GCC_NO_COMMON_BLOCKS = YES;
				GCC_WARN_64_TO_32_BIT_CONVERSION = YES;
				GCC_WARN_ABOUT_RETURN_TYPE = YES_ERROR;
				GCC_WARN_UNDECLARED_SELECTOR = YES;
				GCC_WARN_UNINITIALIZED_AUTOS = YES_AGGRESSIVE;
				GCC_WARN_UNUSED_FUNCTION = YES;
				GCC_WARN_UNUSED_VARIABLE = YES;
				IPHONEOS_DEPLOYMENT_TARGET = 14.2;
				MTL_ENABLE_DEBUG_INFO = NO;
				MTL_FAST_MATH = YES;
				SDKROOT = iphoneos;
				SWIFT_COMPILATION_MODE = wholemodule;
				SWIFT_OPTIMIZATION_LEVEL = "-O";
				VALIDATE_PRODUCT = YES;
			};
			name = Release;
		};
		52C63F8A2583673E00741657 /* Debug */ = {
			isa = XCBuildConfiguration;
			buildSettings = {
				ASSETCATALOG_COMPILER_APPICON_NAME = AppIcon;
				ASSETCATALOG_COMPILER_GLOBAL_ACCENT_COLOR_NAME = AccentColor;
				CODE_SIGN_STYLE = Automatic;
				INFOPLIST_FILE = prepreFoodTracker/Info.plist;
				LD_RUNPATH_SEARCH_PATHS = (
					"$(inherited)",
					"@executable_path/Frameworks",
				);
				PRODUCT_BUNDLE_IDENTIFIER = com.example.prepreFoodTracker;
				PRODUCT_NAME = "$(TARGET_NAME)";
				SWIFT_VERSION = 5.0;
				TARGETED_DEVICE_FAMILY = "1,2";
			};
			name = Debug;
		};
		52C63F8B2583673E00741657 /* Release */ = {
			isa = XCBuildConfiguration;
			buildSettings = {
				ASSETCATALOG_COMPILER_APPICON_NAME = AppIcon;
				ASSETCATALOG_COMPILER_GLOBAL_ACCENT_COLOR_NAME = AccentColor;
				CODE_SIGN_STYLE = Automatic;
				INFOPLIST_FILE = prepreFoodTracker/Info.plist;
				LD_RUNPATH_SEARCH_PATHS = (
					"$(inherited)",
					"@executable_path/Frameworks",
				);
				PRODUCT_BUNDLE_IDENTIFIER = com.example.prepreFoodTracker;
				PRODUCT_NAME = "$(TARGET_NAME)";
				SWIFT_VERSION = 5.0;
				TARGETED_DEVICE_FAMILY = "1,2";
			};
			name = Release;
		};
		52C63F8D2583673E00741657 /* Debug */ = {
			isa = XCBuildConfiguration;
			buildSettings = {
				ALWAYS_EMBED_SWIFT_STANDARD_LIBRARIES = YES;
				BUNDLE_LOADER = "$(TEST_HOST)";
				CODE_SIGN_STYLE = Automatic;
				INFOPLIST_FILE = prepreFoodTrackerTests/Info.plist;
				IPHONEOS_DEPLOYMENT_TARGET = 14.2;
				LD_RUNPATH_SEARCH_PATHS = (
					"$(inherited)",
					"@executable_path/Frameworks",
					"@loader_path/Frameworks",
				);
				PRODUCT_BUNDLE_IDENTIFIER = com.example.prepreFoodTrackerTests;
				PRODUCT_NAME = "$(TARGET_NAME)";
				SWIFT_VERSION = 5.0;
				TARGETED_DEVICE_FAMILY = "1,2";
				TEST_HOST = "$(BUILT_PRODUCTS_DIR)/prepreFoodTracker.app/prepreFoodTracker";
			};
			name = Debug;
		};
		52C63F8E2583673E00741657 /* Release */ = {
			isa = XCBuildConfiguration;
			buildSettings = {
				ALWAYS_EMBED_SWIFT_STANDARD_LIBRARIES = YES;
				BUNDLE_LOADER = "$(TEST_HOST)";
				CODE_SIGN_STYLE = Automatic;
				INFOPLIST_FILE = prepreFoodTrackerTests/Info.plist;
				IPHONEOS_DEPLOYMENT_TARGET = 14.2;
				LD_RUNPATH_SEARCH_PATHS = (
					"$(inherited)",
					"@executable_path/Frameworks",
					"@loader_path/Frameworks",
				);
				PRODUCT_BUNDLE_IDENTIFIER = com.example.prepreFoodTrackerTests;
				PRODUCT_NAME = "$(TARGET_NAME)";
				SWIFT_VERSION = 5.0;
				TARGETED_DEVICE_FAMILY = "1,2";
				TEST_HOST = "$(BUILT_PRODUCTS_DIR)/prepreFoodTracker.app/prepreFoodTracker";
			};
			name = Release;
		};
		52C63F902583673E00741657 /* Debug */ = {
			isa = XCBuildConfiguration;
			buildSettings = {
				ALWAYS_EMBED_SWIFT_STANDARD_LIBRARIES = YES;
				CODE_SIGN_STYLE = Automatic;
				INFOPLIST_FILE = prepreFoodTrackerUITests/Info.plist;
				LD_RUNPATH_SEARCH_PATHS = (
					"$(inherited)",
					"@executable_path/Frameworks",
					"@loader_path/Frameworks",
				);
				PRODUCT_BUNDLE_IDENTIFIER = com.example.prepreFoodTrackerUITests;
				PRODUCT_NAME = "$(TARGET_NAME)";
				SWIFT_VERSION = 5.0;
				TARGETED_DEVICE_FAMILY = "1,2";
				TEST_TARGET_NAME = prepreFoodTracker;
			};
			name = Debug;
		};
		52C63F912583673E00741657 /* Release */ = {
			isa = XCBuildConfiguration;
			buildSettings = {
				ALWAYS_EMBED_SWIFT_STANDARD_LIBRARIES = YES;
				CODE_SIGN_STYLE = Automatic;
				INFOPLIST_FILE = prepreFoodTrackerUITests/Info.plist;
				LD_RUNPATH_SEARCH_PATHS = (
					"$(inherited)",
					"@executable_path/Frameworks",
					"@loader_path/Frameworks",
				);
				PRODUCT_BUNDLE_IDENTIFIER = com.example.prepreFoodTrackerUITests;
				PRODUCT_NAME = "$(TARGET_NAME)";
				SWIFT_VERSION = 5.0;
				TARGETED_DEVICE_FAMILY = "1,2";
				TEST_TARGET_NAME = prepreFoodTracker;
			};
			name = Release;
		};
/* End XCBuildConfiguration section */

/* Begin XCConfigurationList section */
		52C63F5A2583673800741657 /* Build configuration list for PBXProject "prepreFoodTracker" */ = {
			isa = XCConfigurationList;
			buildConfigurations = (
				52C63F872583673E00741657 /* Debug */,
				52C63F882583673E00741657 /* Release */,
			);
			defaultConfigurationIsVisible = 0;
			defaultConfigurationName = Release;
		};
		52C63F892583673E00741657 /* Build configuration list for PBXNativeTarget "prepreFoodTracker" */ = {
			isa = XCConfigurationList;
			buildConfigurations = (
				52C63F8A2583673E00741657 /* Debug */,
				52C63F8B2583673E00741657 /* Release */,
			);
			defaultConfigurationIsVisible = 0;
			defaultConfigurationName = Release;
		};
		52C63F8C2583673E00741657 /* Build configuration list for PBXNativeTarget "prepreFoodTrackerTests" */ = {
			isa = XCConfigurationList;
			buildConfigurations = (
				52C63F8D2583673E00741657 /* Debug */,
				52C63F8E2583673E00741657 /* Release */,
			);
			defaultConfigurationIsVisible = 0;
			defaultConfigurationName = Release;
		};
		52C63F8F2583673E00741657 /* Build configuration list for PBXNativeTarget "prepreFoodTrackerUITests" */ = {
			isa = XCConfigurationList;
			buildConfigurations = (
				52C63F902583673E00741657 /* Debug */,
				52C63F912583673E00741657 /* Release */,
			);
			defaultConfigurationIsVisible = 0;
			defaultConfigurationName = Release;
		};
/* End XCConfigurationList section */
	};
	rootObject = 52C63F572583673800741657 /* Project object */;
}
